// !$*UTF8*$!
{
	archiveVersion = 1;
	classes = {
	};
	objectVersion = 46;
	objects = {

/* Begin PBXBuildFile section */
		202DD5221C659B9F00B6CD46 /* CoreLocation.framework in Frameworks */ = {isa = PBXBuildFile; fileRef = 202DD5211C659B9F00B6CD46 /* CoreLocation.framework */; };
		202DD5251C659DE300B6CD46 /* PlaylistSessionManager.m in Sources */ = {isa = PBXBuildFile; fileRef = 202DD5241C659DE300B6CD46 /* PlaylistSessionManager.m */; };
		2089B5CD1C5EC689003B18B8 /* LoginPageViewController.m in Sources */ = {isa = PBXBuildFile; fileRef = 2089B5CB1C5EC689003B18B8 /* LoginPageViewController.m */; };
		2089B5CE1C5EC689003B18B8 /* LoginPageViewController.xib in Resources */ = {isa = PBXBuildFile; fileRef = 2089B5CC1C5EC689003B18B8 /* LoginPageViewController.xib */; };
		2089B5D21C5EC696003B18B8 /* HomePageViewController.m in Sources */ = {isa = PBXBuildFile; fileRef = 2089B5D01C5EC696003B18B8 /* HomePageViewController.m */; };
		2089B5D31C5EC696003B18B8 /* HomePageViewController.xib in Resources */ = {isa = PBXBuildFile; fileRef = 2089B5D11C5EC696003B18B8 /* HomePageViewController.xib */; };
		2089B5D71C5EC6AC003B18B8 /* PlaylistManagementPageViewController.m in Sources */ = {isa = PBXBuildFile; fileRef = 2089B5D51C5EC6AC003B18B8 /* PlaylistManagementPageViewController.m */; };
		2089B5D81C5EC6AC003B18B8 /* PlaylistManagementPageViewController.xib in Resources */ = {isa = PBXBuildFile; fileRef = 2089B5D61C5EC6AC003B18B8 /* PlaylistManagementPageViewController.xib */; };
		2089B5DC1C5EC6C4003B18B8 /* PlaylistViewPageViewController.m in Sources */ = {isa = PBXBuildFile; fileRef = 2089B5DA1C5EC6C4003B18B8 /* PlaylistViewPageViewController.m */; };
		2089B5DD1C5EC6C4003B18B8 /* PlaylistViewPageViewController.xib in Resources */ = {isa = PBXBuildFile; fileRef = 2089B5DB1C5EC6C4003B18B8 /* PlaylistViewPageViewController.xib */; };
		2089B5E01C5EC6E7003B18B8 /* User.m in Sources */ = {isa = PBXBuildFile; fileRef = 2089B5DF1C5EC6E7003B18B8 /* User.m */; };
		2089B5E31C5EC6F2003B18B8 /* Song.m in Sources */ = {isa = PBXBuildFile; fileRef = 2089B5E21C5EC6F2003B18B8 /* Song.m */; };
		2089B5E61C5EC6FB003B18B8 /* Artist.m in Sources */ = {isa = PBXBuildFile; fileRef = 2089B5E51C5EC6FB003B18B8 /* Artist.m */; };
		2089B5E91C5EC708003B18B8 /* PlaylistSession.m in Sources */ = {isa = PBXBuildFile; fileRef = 2089B5E81C5EC708003B18B8 /* PlaylistSession.m */; };
		2089B5EC1C5EC710003B18B8 /* Playlist.m in Sources */ = {isa = PBXBuildFile; fileRef = 2089B5EB1C5EC710003B18B8 /* Playlist.m */; };
		2089B5F01C5EC72F003B18B8 /* SongPool.m in Sources */ = {isa = PBXBuildFile; fileRef = 2089B5EF1C5EC72F003B18B8 /* SongPool.m */; };
		2089B5F31C5EC73C003B18B8 /* FriendsList.m in Sources */ = {isa = PBXBuildFile; fileRef = 2089B5F21C5EC73C003B18B8 /* FriendsList.m */; };
		2089B5F61C5EC748003B18B8 /* MusicalTaste.m in Sources */ = {isa = PBXBuildFile; fileRef = 2089B5F51C5EC748003B18B8 /* MusicalTaste.m */; };
		2089B5FA1C5ECA40003B18B8 /* SpookyGhost.png in Resources */ = {isa = PBXBuildFile; fileRef = 2089B5F91C5ECA40003B18B8 /* SpookyGhost.png */; };
		3FB297A51C5EC328009821EA /* main.m in Sources */ = {isa = PBXBuildFile; fileRef = 3FB297A41C5EC328009821EA /* main.m */; };
		3FB297A81C5EC328009821EA /* AppDelegate.m in Sources */ = {isa = PBXBuildFile; fileRef = 3FB297A71C5EC328009821EA /* AppDelegate.m */; };
		3FB297BC1C5EC8A6009821EA /* Spotify.framework in Frameworks */ = {isa = PBXBuildFile; fileRef = 3FB297BB1C5EC8A6009821EA /* Spotify.framework */; };
		3FB297BE1C5EC95A009821EA /* AVFoundation.framework in Frameworks */ = {isa = PBXBuildFile; fileRef = 3FB297BD1C5EC95A009821EA /* AVFoundation.framework */; };
		3FB297C01C5EC968009821EA /* SystemConfiguration.framework in Frameworks */ = {isa = PBXBuildFile; fileRef = 3FB297BF1C5EC968009821EA /* SystemConfiguration.framework */; };
		3FB297C31C5ECA65009821EA /* LoginModel.m in Sources */ = {isa = PBXBuildFile; fileRef = 3FB297C21C5ECA65009821EA /* LoginModel.m */; };
/* End PBXBuildFile section */

/* Begin PBXFileReference section */
		202DD5211C659B9F00B6CD46 /* CoreLocation.framework */ = {isa = PBXFileReference; lastKnownFileType = wrapper.framework; name = CoreLocation.framework; path = System/Library/Frameworks/CoreLocation.framework; sourceTree = SDKROOT; };
		202DD5231C659DE300B6CD46 /* PlaylistSessionManager.h */ = {isa = PBXFileReference; fileEncoding = 4; lastKnownFileType = sourcecode.c.h; path = PlaylistSessionManager.h; sourceTree = "<group>"; };
		202DD5241C659DE300B6CD46 /* PlaylistSessionManager.m */ = {isa = PBXFileReference; fileEncoding = 4; lastKnownFileType = sourcecode.c.objc; path = PlaylistSessionManager.m; sourceTree = "<group>"; };
		2089B5CA1C5EC689003B18B8 /* LoginPageViewController.h */ = {isa = PBXFileReference; fileEncoding = 4; lastKnownFileType = sourcecode.c.h; path = LoginPageViewController.h; sourceTree = "<group>"; };
		2089B5CB1C5EC689003B18B8 /* LoginPageViewController.m */ = {isa = PBXFileReference; fileEncoding = 4; lastKnownFileType = sourcecode.c.objc; path = LoginPageViewController.m; sourceTree = "<group>"; };
		2089B5CC1C5EC689003B18B8 /* LoginPageViewController.xib */ = {isa = PBXFileReference; fileEncoding = 4; lastKnownFileType = file.xib; path = LoginPageViewController.xib; sourceTree = "<group>"; };
		2089B5CF1C5EC696003B18B8 /* HomePageViewController.h */ = {isa = PBXFileReference; fileEncoding = 4; lastKnownFileType = sourcecode.c.h; path = HomePageViewController.h; sourceTree = "<group>"; };
		2089B5D01C5EC696003B18B8 /* HomePageViewController.m */ = {isa = PBXFileReference; fileEncoding = 4; lastKnownFileType = sourcecode.c.objc; path = HomePageViewController.m; sourceTree = "<group>"; };
		2089B5D11C5EC696003B18B8 /* HomePageViewController.xib */ = {isa = PBXFileReference; fileEncoding = 4; lastKnownFileType = file.xib; path = HomePageViewController.xib; sourceTree = "<group>"; };
		2089B5D41C5EC6AC003B18B8 /* PlaylistManagementPageViewController.h */ = {isa = PBXFileReference; fileEncoding = 4; lastKnownFileType = sourcecode.c.h; path = PlaylistManagementPageViewController.h; sourceTree = "<group>"; };
		2089B5D51C5EC6AC003B18B8 /* PlaylistManagementPageViewController.m */ = {isa = PBXFileReference; fileEncoding = 4; lastKnownFileType = sourcecode.c.objc; path = PlaylistManagementPageViewController.m; sourceTree = "<group>"; };
		2089B5D61C5EC6AC003B18B8 /* PlaylistManagementPageViewController.xib */ = {isa = PBXFileReference; fileEncoding = 4; lastKnownFileType = file.xib; path = PlaylistManagementPageViewController.xib; sourceTree = "<group>"; };
		2089B5D91C5EC6C4003B18B8 /* PlaylistViewPageViewController.h */ = {isa = PBXFileReference; fileEncoding = 4; lastKnownFileType = sourcecode.c.h; path = PlaylistViewPageViewController.h; sourceTree = "<group>"; };
		2089B5DA1C5EC6C4003B18B8 /* PlaylistViewPageViewController.m */ = {isa = PBXFileReference; fileEncoding = 4; lastKnownFileType = sourcecode.c.objc; path = PlaylistViewPageViewController.m; sourceTree = "<group>"; };
		2089B5DB1C5EC6C4003B18B8 /* PlaylistViewPageViewController.xib */ = {isa = PBXFileReference; fileEncoding = 4; lastKnownFileType = file.xib; path = PlaylistViewPageViewController.xib; sourceTree = "<group>"; };
		2089B5DE1C5EC6E7003B18B8 /* User.h */ = {isa = PBXFileReference; fileEncoding = 4; lastKnownFileType = sourcecode.c.h; path = User.h; sourceTree = "<group>"; };
		2089B5DF1C5EC6E7003B18B8 /* User.m */ = {isa = PBXFileReference; fileEncoding = 4; lastKnownFileType = sourcecode.c.objc; path = User.m; sourceTree = "<group>"; };
		2089B5E11C5EC6F2003B18B8 /* Song.h */ = {isa = PBXFileReference; fileEncoding = 4; lastKnownFileType = sourcecode.c.h; path = Song.h; sourceTree = "<group>"; };
		2089B5E21C5EC6F2003B18B8 /* Song.m */ = {isa = PBXFileReference; fileEncoding = 4; lastKnownFileType = sourcecode.c.objc; path = Song.m; sourceTree = "<group>"; };
		2089B5E41C5EC6FB003B18B8 /* Artist.h */ = {isa = PBXFileReference; fileEncoding = 4; lastKnownFileType = sourcecode.c.h; path = Artist.h; sourceTree = "<group>"; };
		2089B5E51C5EC6FB003B18B8 /* Artist.m */ = {isa = PBXFileReference; fileEncoding = 4; lastKnownFileType = sourcecode.c.objc; path = Artist.m; sourceTree = "<group>"; };
		2089B5E71C5EC708003B18B8 /* PlaylistSession.h */ = {isa = PBXFileReference; fileEncoding = 4; lastKnownFileType = sourcecode.c.h; path = PlaylistSession.h; sourceTree = "<group>"; };
		2089B5E81C5EC708003B18B8 /* PlaylistSession.m */ = {isa = PBXFileReference; fileEncoding = 4; lastKnownFileType = sourcecode.c.objc; path = PlaylistSession.m; sourceTree = "<group>"; };
		2089B5EA1C5EC710003B18B8 /* Playlist.h */ = {isa = PBXFileReference; fileEncoding = 4; lastKnownFileType = sourcecode.c.h; path = Playlist.h; sourceTree = "<group>"; };
		2089B5EB1C5EC710003B18B8 /* Playlist.m */ = {isa = PBXFileReference; fileEncoding = 4; lastKnownFileType = sourcecode.c.objc; path = Playlist.m; sourceTree = "<group>"; };
		2089B5EE1C5EC72F003B18B8 /* SongPool.h */ = {isa = PBXFileReference; fileEncoding = 4; lastKnownFileType = sourcecode.c.h; path = SongPool.h; sourceTree = "<group>"; };
		2089B5EF1C5EC72F003B18B8 /* SongPool.m */ = {isa = PBXFileReference; fileEncoding = 4; lastKnownFileType = sourcecode.c.objc; path = SongPool.m; sourceTree = "<group>"; };
		2089B5F11C5EC73C003B18B8 /* FriendsList.h */ = {isa = PBXFileReference; fileEncoding = 4; lastKnownFileType = sourcecode.c.h; path = FriendsList.h; sourceTree = "<group>"; };
		2089B5F21C5EC73C003B18B8 /* FriendsList.m */ = {isa = PBXFileReference; fileEncoding = 4; lastKnownFileType = sourcecode.c.objc; path = FriendsList.m; sourceTree = "<group>"; };
		2089B5F41C5EC748003B18B8 /* MusicalTaste.h */ = {isa = PBXFileReference; fileEncoding = 4; lastKnownFileType = sourcecode.c.h; path = MusicalTaste.h; sourceTree = "<group>"; };
		2089B5F51C5EC748003B18B8 /* MusicalTaste.m */ = {isa = PBXFileReference; fileEncoding = 4; lastKnownFileType = sourcecode.c.objc; path = MusicalTaste.m; sourceTree = "<group>"; };
		2089B5F91C5ECA40003B18B8 /* SpookyGhost.png */ = {isa = PBXFileReference; lastKnownFileType = image.png; name = SpookyGhost.png; path = Images/SpookyGhost.png; sourceTree = "<group>"; };
		2089B5FB1C5F0805003B18B8 /* NavigationProtocol.h */ = {isa = PBXFileReference; lastKnownFileType = sourcecode.c.h; path = NavigationProtocol.h; sourceTree = "<group>"; };
		3FB297A01C5EC328009821EA /* TunePool.app */ = {isa = PBXFileReference; explicitFileType = wrapper.application; includeInIndex = 0; path = TunePool.app; sourceTree = BUILT_PRODUCTS_DIR; };
		3FB297A41C5EC328009821EA /* main.m */ = {isa = PBXFileReference; lastKnownFileType = sourcecode.c.objc; path = main.m; sourceTree = "<group>"; };
		3FB297A61C5EC328009821EA /* AppDelegate.h */ = {isa = PBXFileReference; lastKnownFileType = sourcecode.c.h; path = AppDelegate.h; sourceTree = "<group>"; };
		3FB297A71C5EC328009821EA /* AppDelegate.m */ = {isa = PBXFileReference; lastKnownFileType = sourcecode.c.objc; path = AppDelegate.m; sourceTree = "<group>"; };
		3FB297B41C5EC329009821EA /* Info.plist */ = {isa = PBXFileReference; lastKnownFileType = text.plist.xml; path = Info.plist; sourceTree = "<group>"; };
		3FB297BB1C5EC8A6009821EA /* Spotify.framework */ = {isa = PBXFileReference; lastKnownFileType = wrapper.framework; path = Spotify.framework; sourceTree = "<group>"; };
		3FB297BD1C5EC95A009821EA /* AVFoundation.framework */ = {isa = PBXFileReference; lastKnownFileType = wrapper.framework; name = AVFoundation.framework; path = System/Library/Frameworks/AVFoundation.framework; sourceTree = SDKROOT; };
		3FB297BF1C5EC968009821EA /* SystemConfiguration.framework */ = {isa = PBXFileReference; lastKnownFileType = wrapper.framework; name = SystemConfiguration.framework; path = System/Library/Frameworks/SystemConfiguration.framework; sourceTree = SDKROOT; };
		3FB297C11C5ECA65009821EA /* LoginModel.h */ = {isa = PBXFileReference; fileEncoding = 4; lastKnownFileType = sourcecode.c.h; path = LoginModel.h; sourceTree = "<group>"; };
		3FB297C21C5ECA65009821EA /* LoginModel.m */ = {isa = PBXFileReference; fileEncoding = 4; lastKnownFileType = sourcecode.c.objc; path = LoginModel.m; sourceTree = "<group>"; };
/* End PBXFileReference section */

/* Begin PBXFrameworksBuildPhase section */
		3FB2979D1C5EC328009821EA /* Frameworks */ = {
			isa = PBXFrameworksBuildPhase;
			buildActionMask = 2147483647;
			files = (
				202DD5221C659B9F00B6CD46 /* CoreLocation.framework in Frameworks */,
				3FB297C01C5EC968009821EA /* SystemConfiguration.framework in Frameworks */,
				3FB297BE1C5EC95A009821EA /* AVFoundation.framework in Frameworks */,
				3FB297BC1C5EC8A6009821EA /* Spotify.framework in Frameworks */,
			);
			runOnlyForDeploymentPostprocessing = 0;
		};
/* End PBXFrameworksBuildPhase section */

/* Begin PBXGroup section */
		2089B5C41C5EC56C003B18B8 /* LoginPage */ = {
			isa = PBXGroup;
			children = (
				2089B5CA1C5EC689003B18B8 /* LoginPageViewController.h */,
				2089B5CB1C5EC689003B18B8 /* LoginPageViewController.m */,
				2089B5CC1C5EC689003B18B8 /* LoginPageViewController.xib */,
				3FB297C11C5ECA65009821EA /* LoginModel.h */,
				3FB297C21C5ECA65009821EA /* LoginModel.m */,
			);
			name = LoginPage;
			sourceTree = "<group>";
		};
		2089B5C51C5EC576003B18B8 /* HomePage */ = {
			isa = PBXGroup;
			children = (
				2089B5CF1C5EC696003B18B8 /* HomePageViewController.h */,
				2089B5D01C5EC696003B18B8 /* HomePageViewController.m */,
				2089B5D11C5EC696003B18B8 /* HomePageViewController.xib */,
				202DD5231C659DE300B6CD46 /* PlaylistSessionManager.h */,
				202DD5241C659DE300B6CD46 /* PlaylistSessionManager.m */,
			);
			name = HomePage;
			sourceTree = "<group>";
		};
		2089B5C61C5EC57F003B18B8 /* PlaylistManagementPage */ = {
			isa = PBXGroup;
			children = (
				2089B5D41C5EC6AC003B18B8 /* PlaylistManagementPageViewController.h */,
				2089B5D51C5EC6AC003B18B8 /* PlaylistManagementPageViewController.m */,
				2089B5D61C5EC6AC003B18B8 /* PlaylistManagementPageViewController.xib */,
			);
			name = PlaylistManagementPage;
			sourceTree = "<group>";
		};
		2089B5C71C5EC591003B18B8 /* PlaylistViewPage */ = {
			isa = PBXGroup;
			children = (
				2089B5D91C5EC6C4003B18B8 /* PlaylistViewPageViewController.h */,
				2089B5DA1C5EC6C4003B18B8 /* PlaylistViewPageViewController.m */,
				2089B5DB1C5EC6C4003B18B8 /* PlaylistViewPageViewController.xib */,
			);
			name = PlaylistViewPage;
			sourceTree = "<group>";
		};
		2089B5C81C5EC5DA003B18B8 /* Foundation */ = {
			isa = PBXGroup;
			children = (
				2089B5DE1C5EC6E7003B18B8 /* User.h */,
				2089B5DF1C5EC6E7003B18B8 /* User.m */,
				2089B5E11C5EC6F2003B18B8 /* Song.h */,
				2089B5E21C5EC6F2003B18B8 /* Song.m */,
				2089B5E41C5EC6FB003B18B8 /* Artist.h */,
				2089B5E51C5EC6FB003B18B8 /* Artist.m */,
				2089B5E71C5EC708003B18B8 /* PlaylistSession.h */,
				2089B5E81C5EC708003B18B8 /* PlaylistSession.m */,
				2089B5EA1C5EC710003B18B8 /* Playlist.h */,
				2089B5EB1C5EC710003B18B8 /* Playlist.m */,
				2089B5EE1C5EC72F003B18B8 /* SongPool.h */,
				2089B5EF1C5EC72F003B18B8 /* SongPool.m */,
				2089B5F11C5EC73C003B18B8 /* FriendsList.h */,
				2089B5F21C5EC73C003B18B8 /* FriendsList.m */,
				2089B5F41C5EC748003B18B8 /* MusicalTaste.h */,
				2089B5F51C5EC748003B18B8 /* MusicalTaste.m */,
				2089B5FB1C5F0805003B18B8 /* NavigationProtocol.h */,
			);
			name = Foundation;
			sourceTree = "<group>";
		};
		2089B5C91C5EC5E5003B18B8 /* AppPages */ = {
			isa = PBXGroup;
			children = (
				2089B5C41C5EC56C003B18B8 /* LoginPage */,
				2089B5C51C5EC576003B18B8 /* HomePage */,
				2089B5C61C5EC57F003B18B8 /* PlaylistManagementPage */,
				2089B5C71C5EC591003B18B8 /* PlaylistViewPage */,
			);
			name = AppPages;
			sourceTree = "<group>";
		};
		2089B5F71C5EC9CD003B18B8 /* Images */ = {
			isa = PBXGroup;
			children = (
				2089B5F91C5ECA40003B18B8 /* SpookyGhost.png */,
				2089B5F81C5EC9DB003B18B8 /* Backgrounds */,
			);
			name = Images;
			sourceTree = "<group>";
		};
		2089B5F81C5EC9DB003B18B8 /* Backgrounds */ = {
			isa = PBXGroup;
			children = (
			);
			name = Backgrounds;
			sourceTree = "<group>";
		};
		3FB297971C5EC328009821EA = {
			isa = PBXGroup;
			children = (
				3FB297A21C5EC328009821EA /* TunePool */,
				3FB297A11C5EC328009821EA /* Products */,
			);
			sourceTree = "<group>";
		};
		3FB297A11C5EC328009821EA /* Products */ = {
			isa = PBXGroup;
			children = (
				3FB297A01C5EC328009821EA /* TunePool.app */,
			);
			name = Products;
			sourceTree = "<group>";
		};
		3FB297A21C5EC328009821EA /* TunePool */ = {
			isa = PBXGroup;
			children = (
				3FB297A61C5EC328009821EA /* AppDelegate.h */,
				3FB297A71C5EC328009821EA /* AppDelegate.m */,
				2089B5C91C5EC5E5003B18B8 /* AppPages */,
				2089B5C81C5EC5DA003B18B8 /* Foundation */,
				3FB297B41C5EC329009821EA /* Info.plist */,
				3FB297BA1C5EC86C009821EA /* Frameworks */,
				3FB297A31C5EC328009821EA /* Supporting Files */,
			);
			path = TunePool;
			sourceTree = "<group>";
		};
		3FB297A31C5EC328009821EA /* Supporting Files */ = {
			isa = PBXGroup;
			children = (
				2089B5F71C5EC9CD003B18B8 /* Images */,
				3FB297A41C5EC328009821EA /* main.m */,
			);
			name = "Supporting Files";
			sourceTree = "<group>";
		};
		3FB297BA1C5EC86C009821EA /* Frameworks */ = {
			isa = PBXGroup;
			children = (
				202DD5211C659B9F00B6CD46 /* CoreLocation.framework */,
				3FB297BF1C5EC968009821EA /* SystemConfiguration.framework */,
				3FB297BD1C5EC95A009821EA /* AVFoundation.framework */,
				3FB297BB1C5EC8A6009821EA /* Spotify.framework */,
			);
			name = Frameworks;
			sourceTree = "<group>";
		};
/* End PBXGroup section */

/* Begin PBXNativeTarget section */
		3FB2979F1C5EC328009821EA /* TunePool */ = {
			isa = PBXNativeTarget;
			buildConfigurationList = 3FB297B71C5EC329009821EA /* Build configuration list for PBXNativeTarget "TunePool" */;
			buildPhases = (
				3FB2979C1C5EC328009821EA /* Sources */,
				3FB2979D1C5EC328009821EA /* Frameworks */,
				3FB2979E1C5EC328009821EA /* Resources */,
			);
			buildRules = (
			);
			dependencies = (
			);
			name = TunePool;
			productName = TunePool;
			productReference = 3FB297A01C5EC328009821EA /* TunePool.app */;
			productType = "com.apple.product-type.application";
		};
/* End PBXNativeTarget section */

/* Begin PBXProject section */
		3FB297981C5EC328009821EA /* Project object */ = {
			isa = PBXProject;
			attributes = {
				LastUpgradeCheck = 0720;
				ORGANIZATIONNAME = "Roshan Krishnan";
				TargetAttributes = {
					3FB2979F1C5EC328009821EA = {
						CreatedOnToolsVersion = 7.2;
					};
				};
			};
			buildConfigurationList = 3FB2979B1C5EC328009821EA /* Build configuration list for PBXProject "TunePool" */;
			compatibilityVersion = "Xcode 3.2";
			developmentRegion = English;
			hasScannedForEncodings = 0;
			knownRegions = (
				en,
				Base,
			);
			mainGroup = 3FB297971C5EC328009821EA;
			productRefGroup = 3FB297A11C5EC328009821EA /* Products */;
			projectDirPath = "";
			projectRoot = "";
			targets = (
				3FB2979F1C5EC328009821EA /* TunePool */,
			);
		};
/* End PBXProject section */

/* Begin PBXResourcesBuildPhase section */
		3FB2979E1C5EC328009821EA /* Resources */ = {
			isa = PBXResourcesBuildPhase;
			buildActionMask = 2147483647;
			files = (
				2089B5DD1C5EC6C4003B18B8 /* PlaylistViewPageViewController.xib in Resources */,
				2089B5FA1C5ECA40003B18B8 /* SpookyGhost.png in Resources */,
				2089B5D81C5EC6AC003B18B8 /* PlaylistManagementPageViewController.xib in Resources */,
				2089B5D31C5EC696003B18B8 /* HomePageViewController.xib in Resources */,
				2089B5CE1C5EC689003B18B8 /* LoginPageViewController.xib in Resources */,
			);
			runOnlyForDeploymentPostprocessing = 0;
		};
/* End PBXResourcesBuildPhase section */

/* Begin PBXSourcesBuildPhase section */
		3FB2979C1C5EC328009821EA /* Sources */ = {
			isa = PBXSourcesBuildPhase;
			buildActionMask = 2147483647;
			files = (
				2089B5E31C5EC6F2003B18B8 /* Song.m in Sources */,
				2089B5DC1C5EC6C4003B18B8 /* PlaylistViewPageViewController.m in Sources */,
				2089B5F61C5EC748003B18B8 /* MusicalTaste.m in Sources */,
				2089B5F01C5EC72F003B18B8 /* SongPool.m in Sources */,
				202DD5251C659DE300B6CD46 /* PlaylistSessionManager.m in Sources */,
				2089B5E91C5EC708003B18B8 /* PlaylistSession.m in Sources */,
				2089B5E01C5EC6E7003B18B8 /* User.m in Sources */,
				2089B5D21C5EC696003B18B8 /* HomePageViewController.m in Sources */,
				2089B5D71C5EC6AC003B18B8 /* PlaylistManagementPageViewController.m in Sources */,
				3FB297A81C5EC328009821EA /* AppDelegate.m in Sources */,
				2089B5EC1C5EC710003B18B8 /* Playlist.m in Sources */,
				3FB297A51C5EC328009821EA /* main.m in Sources */,
				2089B5E61C5EC6FB003B18B8 /* Artist.m in Sources */,
				2089B5F31C5EC73C003B18B8 /* FriendsList.m in Sources */,
				2089B5CD1C5EC689003B18B8 /* LoginPageViewController.m in Sources */,
				3FB297C31C5ECA65009821EA /* LoginModel.m in Sources */,
			);
			runOnlyForDeploymentPostprocessing = 0;
		};
/* End PBXSourcesBuildPhase section */

/* Begin XCBuildConfiguration section */
		3FB297B51C5EC329009821EA /* Debug */ = {
			isa = XCBuildConfiguration;
			buildSettings = {
				ALWAYS_SEARCH_USER_PATHS = NO;
				CLANG_CXX_LANGUAGE_STANDARD = "gnu++0x";
				CLANG_CXX_LIBRARY = "libc++";
				CLANG_ENABLE_MODULES = YES;
				CLANG_ENABLE_OBJC_ARC = YES;
				CLANG_WARN_BOOL_CONVERSION = YES;
				CLANG_WARN_CONSTANT_CONVERSION = YES;
				CLANG_WARN_DIRECT_OBJC_ISA_USAGE = YES_ERROR;
				CLANG_WARN_EMPTY_BODY = YES;
				CLANG_WARN_ENUM_CONVERSION = YES;
				CLANG_WARN_INT_CONVERSION = YES;
				CLANG_WARN_OBJC_ROOT_CLASS = YES_ERROR;
				CLANG_WARN_UNREACHABLE_CODE = YES;
				CLANG_WARN__DUPLICATE_METHOD_MATCH = YES;
				"CODE_SIGN_IDENTITY[sdk=iphoneos*]" = "iPhone Developer";
				COPY_PHASE_STRIP = NO;
				DEBUG_INFORMATION_FORMAT = dwarf;
				ENABLE_STRICT_OBJC_MSGSEND = YES;
				ENABLE_TESTABILITY = YES;
				GCC_C_LANGUAGE_STANDARD = gnu99;
				GCC_DYNAMIC_NO_PIC = NO;
				GCC_NO_COMMON_BLOCKS = YES;
				GCC_OPTIMIZATION_LEVEL = 0;
				GCC_PREPROCESSOR_DEFINITIONS = (
					"DEBUG=1",
					"$(inherited)",
				);
				GCC_WARN_64_TO_32_BIT_CONVERSION = YES;
				GCC_WARN_ABOUT_RETURN_TYPE = YES_ERROR;
				GCC_WARN_UNDECLARED_SELECTOR = YES;
				GCC_WARN_UNINITIALIZED_AUTOS = YES_AGGRESSIVE;
				GCC_WARN_UNUSED_FUNCTION = YES;
				GCC_WARN_UNUSED_VARIABLE = YES;
				IPHONEOS_DEPLOYMENT_TARGET = 9.2;
				MTL_ENABLE_DEBUG_INFO = YES;
				ONLY_ACTIVE_ARCH = YES;
				SDKROOT = iphoneos;
			};
			name = Debug;
		};
		3FB297B61C5EC329009821EA /* Release */ = {
			isa = XCBuildConfiguration;
			buildSettings = {
				ALWAYS_SEARCH_USER_PATHS = NO;
				CLANG_CXX_LANGUAGE_STANDARD = "gnu++0x";
				CLANG_CXX_LIBRARY = "libc++";
				CLANG_ENABLE_MODULES = YES;
				CLANG_ENABLE_OBJC_ARC = YES;
				CLANG_WARN_BOOL_CONVERSION = YES;
				CLANG_WARN_CONSTANT_CONVERSION = YES;
				CLANG_WARN_DIRECT_OBJC_ISA_USAGE = YES_ERROR;
				CLANG_WARN_EMPTY_BODY = YES;
				CLANG_WARN_ENUM_CONVERSION = YES;
				CLANG_WARN_INT_CONVERSION = YES;
				CLANG_WARN_OBJC_ROOT_CLASS = YES_ERROR;
				CLANG_WARN_UNREACHABLE_CODE = YES;
				CLANG_WARN__DUPLICATE_METHOD_MATCH = YES;
				"CODE_SIGN_IDENTITY[sdk=iphoneos*]" = "iPhone Developer";
				COPY_PHASE_STRIP = NO;
				DEBUG_INFORMATION_FORMAT = "dwarf-with-dsym";
				ENABLE_NS_ASSERTIONS = NO;
				ENABLE_STRICT_OBJC_MSGSEND = YES;
				GCC_C_LANGUAGE_STANDARD = gnu99;
				GCC_NO_COMMON_BLOCKS = YES;
				GCC_WARN_64_TO_32_BIT_CONVERSION = YES;
				GCC_WARN_ABOUT_RETURN_TYPE = YES_ERROR;
				GCC_WARN_UNDECLARED_SELECTOR = YES;
				GCC_WARN_UNINITIALIZED_AUTOS = YES_AGGRESSIVE;
				GCC_WARN_UNUSED_FUNCTION = YES;
				GCC_WARN_UNUSED_VARIABLE = YES;
				IPHONEOS_DEPLOYMENT_TARGET = 9.2;
				MTL_ENABLE_DEBUG_INFO = NO;
				SDKROOT = iphoneos;
				VALIDATE_PRODUCT = YES;
			};
			name = Release;
		};
		3FB297B81C5EC329009821EA /* Debug */ = {
			isa = XCBuildConfiguration;
			buildSettings = {
				ASSETCATALOG_COMPILER_APPICON_NAME = AppIcon;
				FRAMEWORK_SEARCH_PATHS = (
					"$(inherited)",
					"$(PROJECT_DIR)/TunePool",
				);
				INFOPLIST_FILE = TunePool/Info.plist;
				LD_RUNPATH_SEARCH_PATHS = "$(inherited) @executable_path/Frameworks";
				OTHER_LDFLAGS = "-ObjC";
				PRODUCT_BUNDLE_IDENTIFIER = com.RoshanKrishnan.TunePool;
				PRODUCT_NAME = "$(TARGET_NAME)";
			};
			name = Debug;
		};
		3FB297B91C5EC329009821EA /* Release */ = {
			isa = XCBuildConfiguration;
			buildSettings = {
				ASSETCATALOG_COMPILER_APPICON_NAME = AppIcon;
				FRAMEWORK_SEARCH_PATHS = (
					"$(inherited)",
					"$(PROJECT_DIR)/TunePool",
				);
				INFOPLIST_FILE = TunePool/Info.plist;
				LD_RUNPATH_SEARCH_PATHS = "$(inherited) @executable_path/Frameworks";
				OTHER_LDFLAGS = "-ObjC";
				PRODUCT_BUNDLE_IDENTIFIER = com.RoshanKrishnan.TunePool;
				PRODUCT_NAME = "$(TARGET_NAME)";
			};
			name = Release;
		};
/* End XCBuildConfiguration section */

/* Begin XCConfigurationList section */
		3FB2979B1C5EC328009821EA /* Build configuration list for PBXProject "TunePool" */ = {
			isa = XCConfigurationList;
			buildConfigurations = (
				3FB297B51C5EC329009821EA /* Debug */,
				3FB297B61C5EC329009821EA /* Release */,
			);
			defaultConfigurationIsVisible = 0;
			defaultConfigurationName = Release;
		};
		3FB297B71C5EC329009821EA /* Build configuration list for PBXNativeTarget "TunePool" */ = {
			isa = XCConfigurationList;
			buildConfigurations = (
				3FB297B81C5EC329009821EA /* Debug */,
				3FB297B91C5EC329009821EA /* Release */,
			);
			defaultConfigurationIsVisible = 0;
			defaultConfigurationName = Release;
		};
/* End XCConfigurationList section */
	};
	rootObject = 3FB297981C5EC328009821EA /* Project object */;
}
